
Microsoft Visual Studio Solution File, Format Version 12.00
# Visual Studio Version 17
VisualStudioVersion = 17.9.34616.47
MinimumVisualStudioVersion = 10.0.40219.1
Project("{9A19103F-16F7-4668-BE54-9A1E7A4F7556}") = "FmuApiDomain", "FmuApiDomain\FmuApiDomain.csproj", "{BEB3EDB9-5732-4E2E-853A-1D729AE8C0E4}"
EndProject
Project("{9A19103F-16F7-4668-BE54-9A1E7A4F7556}") = "FmuApiApplication", "FmuApiApplication\FmuApiApplication.csproj", "{D770AAB6-9330-4D77-AE3A-F551FA87BF9C}"
EndProject
Project("{9A19103F-16F7-4668-BE54-9A1E7A4F7556}") = "WebApi", "FmuApi.API\WebApi.csproj", "{A0A22B0E-8917-443C-893C-2B066C8C182B}"
EndProject
Project("{9A19103F-16F7-4668-BE54-9A1E7A4F7556}") = "CouchDb", "FmuApiCouhDb\CouchDb.csproj", "{3C727947-7BCD-45AE-94C3-B89898B6B556}"
EndProject
Project("{9A19103F-16F7-4668-BE54-9A1E7A4F7556}") = "FmuApiSettings", "FmuApiSettings\FmuApiSettings.csproj", "{F8B68661-F8D5-4E44-914A-BC86E5BDFE79}"
EndProject
Project("{9A19103F-16F7-4668-BE54-9A1E7A4F7556}") = "FrontolDb", "FmuFrontolDb\FrontolDb.csproj", "{19AA4200-6672-472F-A879-350DC082AD2A}"
EndProject
Project("{2150E333-8FDC-42A3-9474-1A3956D46DE8}") = "Domain", "Domain", "{3B4F3EC1-032F-4162-81F3-015C43135EF4}"
EndProject
Project("{2150E333-8FDC-42A3-9474-1A3956D46DE8}") = "Application", "Application", "{C157584E-0AAF-410F-AF70-8D431E630D0D}"
EndProject
Project("{2150E333-8FDC-42A3-9474-1A3956D46DE8}") = "View (presentation)", "View (presentation)", "{A46ADD21-5040-4A1E-AD61-CE964A3FB2DD}"
EndProject
Project("{9A19103F-16F7-4668-BE54-9A1E7A4F7556}") = "AutoUpdateWorkerService", "AutoUpdateWorkerService\AutoUpdateWorkerService.csproj", "{ED1479C0-9EAC-49A0-97F5-8FC3089F562C}"
EndProject
Project("{2150E333-8FDC-42A3-9474-1A3956D46DE8}") = "Tests", "Tests", "{F3583C5D-5AE1-46EE-A029-D57844E04BD1}"
EndProject
Project("{FAE04EC0-301F-11D3-BF4B-00C04F79EFBC}") = "FmuApiAPITest", "FmuApiAPITest\FmuApiAPITest.csproj", "{42520C88-82BD-40BA-84D0-35C158BA4F9C}"
EndProject
Project("{FAE04EC0-301F-11D3-BF4B-00C04F79EFBC}") = "CentralServerExchange", "CentralServerExchange\CentralServerExchange.csproj", "{E5B4804E-B662-407E-9326-77DCFC648DB6}"
EndProject
Project("{2150E333-8FDC-42A3-9474-1A3956D46DE8}") = "src", "src", "{BA12B9D2-52BB-4FB7-B911-5DDA0A75919B}"
EndProject
Project("{2150E333-8FDC-42A3-9474-1A3956D46DE8}") = "Infrastructure", "Infrastructure", "{1C4FAA2F-697F-4B42-B9C4-E55A64B1DB2C}"
EndProject
Project("{2150E333-8FDC-42A3-9474-1A3956D46DE8}") = "Shared_", "Shared_", "{2D65BDA8-35F7-4D73-84B0-98F87879EC67}"
EndProject
Project("{FAE04EC0-301F-11D3-BF4B-00C04F79EFBC}") = "TableTemplates", "TableTemplates\TableTemplates.csproj", "{53248726-3CCD-4F49-9621-3129908A138C}"
EndProject
Project("{FAE04EC0-301F-11D3-BF4B-00C04F79EFBC}") = "LoggerConfig", "LoggerConfig\LoggerConfig.csproj", "{351DB1BB-3E85-4CD9-B246-65C682408856}"
EndProject
Project("{2150E333-8FDC-42A3-9474-1A3956D46DE8}") = "Common", "Common", "{8A5400D1-3920-4199-8C88-F4BAC824EE06}"
EndProject
Project("{FAE04EC0-301F-11D3-BF4B-00C04F79EFBC}") = "LoggerConfigTest", "LoggerConfigTest\LoggerConfigTest.csproj", "{C31698EA-360E-4F73-B56C-D27358148224}"
EndProject
Project("{2150E333-8FDC-42A3-9474-1A3956D46DE8}") = "Contracts", "Contracts", "{C3A70F3B-BF4E-46CD-B4DE-4C18F9C0F015}"
EndProject
Project("{FAE04EC0-301F-11D3-BF4B-00C04F79EFBC}") = "NodeInformation", "NodeInformation\NodeInformation.csproj", "{B069FAA9-8938-4941-87CA-9527F6D9E0F3}"
EndProject
Project("{FAE04EC0-301F-11D3-BF4B-00C04F79EFBC}") = "ValueObjects", "ValueObjects\ValueObjects.csproj", "{01E983D3-12E4-4238-A662-EE940455D195}"
EndProject
Project("{FAE04EC0-301F-11D3-BF4B-00C04F79EFBC}") = "Interfaces", "Interfaces\Interfaces.csproj", "{7C0E228C-3671-4EB6-8691-2EA3646D2E87}"
EndProject
Project("{FAE04EC0-301F-11D3-BF4B-00C04F79EFBC}") = "ApplicationConfigurationService", "ApllicationConfigurationService\ApplicationConfigurationService.csproj", "{3E497C89-FB52-4362-AD7D-682B7FB4D62F}"
EndProject
Project("{FAE04EC0-301F-11D3-BF4B-00C04F79EFBC}") = "LogService", "LogService\LogService.csproj", "{70B9E928-2F8A-478B-9700-6D0F39A16F53}"
EndProject
Project("{FAE04EC0-301F-11D3-BF4B-00C04F79EFBC}") = "MemoryCache", "MemoryCache\MemoryCache.csproj", "{AFD36968-CB76-4CE9-B5E5-1AF193966FD4}"
EndProject
Project("{FAE04EC0-301F-11D3-BF4B-00C04F79EFBC}") = "Shared", "Shared\Shared.csproj", "{71FE7610-1D5E-4CBF-8F1D-DAB5DC363BDB}"
EndProject
Project("{FAE04EC0-301F-11D3-BF4B-00C04F79EFBC}") = "TrueApiCdn", "TrueApiCdn\TrueApiCdn.csproj", "{B6B9D7C2-CFA3-4770-82EF-5181E2EF3B69}"
EndProject
Global
	GlobalSection(SolutionConfigurationPlatforms) = preSolution
		Debug|Any CPU = Debug|Any CPU
		Release|Any CPU = Release|Any CPU
	EndGlobalSection
	GlobalSection(ProjectConfigurationPlatforms) = postSolution
		{BEB3EDB9-5732-4E2E-853A-1D729AE8C0E4}.Debug|Any CPU.ActiveCfg = Debug|Any CPU
		{BEB3EDB9-5732-4E2E-853A-1D729AE8C0E4}.Debug|Any CPU.Build.0 = Debug|Any CPU
		{BEB3EDB9-5732-4E2E-853A-1D729AE8C0E4}.Release|Any CPU.ActiveCfg = Release|Any CPU
		{BEB3EDB9-5732-4E2E-853A-1D729AE8C0E4}.Release|Any CPU.Build.0 = Release|Any CPU
		{D770AAB6-9330-4D77-AE3A-F551FA87BF9C}.Debug|Any CPU.ActiveCfg = Debug|Any CPU
		{D770AAB6-9330-4D77-AE3A-F551FA87BF9C}.Debug|Any CPU.Build.0 = Debug|Any CPU
		{D770AAB6-9330-4D77-AE3A-F551FA87BF9C}.Release|Any CPU.ActiveCfg = Release|Any CPU
		{D770AAB6-9330-4D77-AE3A-F551FA87BF9C}.Release|Any CPU.Build.0 = Release|Any CPU
		{A0A22B0E-8917-443C-893C-2B066C8C182B}.Debug|Any CPU.ActiveCfg = Debug|Any CPU
		{A0A22B0E-8917-443C-893C-2B066C8C182B}.Debug|Any CPU.Build.0 = Debug|Any CPU
		{A0A22B0E-8917-443C-893C-2B066C8C182B}.Release|Any CPU.ActiveCfg = Release|Any CPU
		{A0A22B0E-8917-443C-893C-2B066C8C182B}.Release|Any CPU.Build.0 = Release|Any CPU
		{3C727947-7BCD-45AE-94C3-B89898B6B556}.Debug|Any CPU.ActiveCfg = Debug|Any CPU
		{3C727947-7BCD-45AE-94C3-B89898B6B556}.Debug|Any CPU.Build.0 = Debug|Any CPU
		{3C727947-7BCD-45AE-94C3-B89898B6B556}.Release|Any CPU.ActiveCfg = Release|Any CPU
		{3C727947-7BCD-45AE-94C3-B89898B6B556}.Release|Any CPU.Build.0 = Release|Any CPU
		{F8B68661-F8D5-4E44-914A-BC86E5BDFE79}.Debug|Any CPU.ActiveCfg = Debug|Any CPU
		{F8B68661-F8D5-4E44-914A-BC86E5BDFE79}.Debug|Any CPU.Build.0 = Debug|Any CPU
		{F8B68661-F8D5-4E44-914A-BC86E5BDFE79}.Release|Any CPU.ActiveCfg = Release|Any CPU
		{F8B68661-F8D5-4E44-914A-BC86E5BDFE79}.Release|Any CPU.Build.0 = Release|Any CPU
		{19AA4200-6672-472F-A879-350DC082AD2A}.Debug|Any CPU.ActiveCfg = Debug|Any CPU
		{19AA4200-6672-472F-A879-350DC082AD2A}.Debug|Any CPU.Build.0 = Debug|Any CPU
		{19AA4200-6672-472F-A879-350DC082AD2A}.Release|Any CPU.ActiveCfg = Release|Any CPU
		{19AA4200-6672-472F-A879-350DC082AD2A}.Release|Any CPU.Build.0 = Release|Any CPU
		{ED1479C0-9EAC-49A0-97F5-8FC3089F562C}.Debug|Any CPU.ActiveCfg = Debug|Any CPU
		{ED1479C0-9EAC-49A0-97F5-8FC3089F562C}.Debug|Any CPU.Build.0 = Debug|Any CPU
		{ED1479C0-9EAC-49A0-97F5-8FC3089F562C}.Release|Any CPU.ActiveCfg = Release|Any CPU
		{ED1479C0-9EAC-49A0-97F5-8FC3089F562C}.Release|Any CPU.Build.0 = Release|Any CPU
		{42520C88-82BD-40BA-84D0-35C158BA4F9C}.Debug|Any CPU.ActiveCfg = Debug|Any CPU
		{42520C88-82BD-40BA-84D0-35C158BA4F9C}.Debug|Any CPU.Build.0 = Debug|Any CPU
		{42520C88-82BD-40BA-84D0-35C158BA4F9C}.Release|Any CPU.ActiveCfg = Release|Any CPU
		{42520C88-82BD-40BA-84D0-35C158BA4F9C}.Release|Any CPU.Build.0 = Release|Any CPU
		{E5B4804E-B662-407E-9326-77DCFC648DB6}.Debug|Any CPU.ActiveCfg = Debug|Any CPU
		{E5B4804E-B662-407E-9326-77DCFC648DB6}.Debug|Any CPU.Build.0 = Debug|Any CPU
		{E5B4804E-B662-407E-9326-77DCFC648DB6}.Release|Any CPU.ActiveCfg = Release|Any CPU
		{E5B4804E-B662-407E-9326-77DCFC648DB6}.Release|Any CPU.Build.0 = Release|Any CPU
		{53248726-3CCD-4F49-9621-3129908A138C}.Debug|Any CPU.ActiveCfg = Debug|Any CPU
		{53248726-3CCD-4F49-9621-3129908A138C}.Debug|Any CPU.Build.0 = Debug|Any CPU
		{53248726-3CCD-4F49-9621-3129908A138C}.Release|Any CPU.ActiveCfg = Release|Any CPU
		{53248726-3CCD-4F49-9621-3129908A138C}.Release|Any CPU.Build.0 = Release|Any CPU
		{351DB1BB-3E85-4CD9-B246-65C682408856}.Debug|Any CPU.ActiveCfg = Debug|Any CPU
		{351DB1BB-3E85-4CD9-B246-65C682408856}.Debug|Any CPU.Build.0 = Debug|Any CPU
		{351DB1BB-3E85-4CD9-B246-65C682408856}.Release|Any CPU.ActiveCfg = Release|Any CPU
		{351DB1BB-3E85-4CD9-B246-65C682408856}.Release|Any CPU.Build.0 = Release|Any CPU
		{C31698EA-360E-4F73-B56C-D27358148224}.Debug|Any CPU.ActiveCfg = Debug|Any CPU
		{C31698EA-360E-4F73-B56C-D27358148224}.Debug|Any CPU.Build.0 = Debug|Any CPU
		{C31698EA-360E-4F73-B56C-D27358148224}.Release|Any CPU.ActiveCfg = Release|Any CPU
		{C31698EA-360E-4F73-B56C-D27358148224}.Release|Any CPU.Build.0 = Release|Any CPU
		{B069FAA9-8938-4941-87CA-9527F6D9E0F3}.Debug|Any CPU.ActiveCfg = Debug|Any CPU
		{B069FAA9-8938-4941-87CA-9527F6D9E0F3}.Debug|Any CPU.Build.0 = Debug|Any CPU
		{B069FAA9-8938-4941-87CA-9527F6D9E0F3}.Release|Any CPU.ActiveCfg = Release|Any CPU
		{B069FAA9-8938-4941-87CA-9527F6D9E0F3}.Release|Any CPU.Build.0 = Release|Any CPU
		{01E983D3-12E4-4238-A662-EE940455D195}.Debug|Any CPU.ActiveCfg = Debug|Any CPU
		{01E983D3-12E4-4238-A662-EE940455D195}.Debug|Any CPU.Build.0 = Debug|Any CPU
		{01E983D3-12E4-4238-A662-EE940455D195}.Release|Any CPU.ActiveCfg = Release|Any CPU
		{01E983D3-12E4-4238-A662-EE940455D195}.Release|Any CPU.Build.0 = Release|Any CPU
		{7C0E228C-3671-4EB6-8691-2EA3646D2E87}.Debug|Any CPU.ActiveCfg = Debug|Any CPU
		{7C0E228C-3671-4EB6-8691-2EA3646D2E87}.Debug|Any CPU.Build.0 = Debug|Any CPU
		{7C0E228C-3671-4EB6-8691-2EA3646D2E87}.Release|Any CPU.ActiveCfg = Release|Any CPU
		{7C0E228C-3671-4EB6-8691-2EA3646D2E87}.Release|Any CPU.Build.0 = Release|Any CPU
		{3E497C89-FB52-4362-AD7D-682B7FB4D62F}.Debug|Any CPU.ActiveCfg = Debug|Any CPU
		{3E497C89-FB52-4362-AD7D-682B7FB4D62F}.Debug|Any CPU.Build.0 = Debug|Any CPU
		{3E497C89-FB52-4362-AD7D-682B7FB4D62F}.Release|Any CPU.ActiveCfg = Release|Any CPU
		{3E497C89-FB52-4362-AD7D-682B7FB4D62F}.Release|Any CPU.Build.0 = Release|Any CPU
		{70B9E928-2F8A-478B-9700-6D0F39A16F53}.Debug|Any CPU.ActiveCfg = Debug|Any CPU
		{70B9E928-2F8A-478B-9700-6D0F39A16F53}.Debug|Any CPU.Build.0 = Debug|Any CPU
		{70B9E928-2F8A-478B-9700-6D0F39A16F53}.Release|Any CPU.ActiveCfg = Release|Any CPU
		{70B9E928-2F8A-478B-9700-6D0F39A16F53}.Release|Any CPU.Build.0 = Release|Any CPU
		{AFD36968-CB76-4CE9-B5E5-1AF193966FD4}.Debug|Any CPU.ActiveCfg = Debug|Any CPU
		{AFD36968-CB76-4CE9-B5E5-1AF193966FD4}.Debug|Any CPU.Build.0 = Debug|Any CPU
		{AFD36968-CB76-4CE9-B5E5-1AF193966FD4}.Release|Any CPU.ActiveCfg = Release|Any CPU
		{AFD36968-CB76-4CE9-B5E5-1AF193966FD4}.Release|Any CPU.Build.0 = Release|Any CPU
		{71FE7610-1D5E-4CBF-8F1D-DAB5DC363BDB}.Debug|Any CPU.ActiveCfg = Debug|Any CPU
		{71FE7610-1D5E-4CBF-8F1D-DAB5DC363BDB}.Debug|Any CPU.Build.0 = Debug|Any CPU
		{71FE7610-1D5E-4CBF-8F1D-DAB5DC363BDB}.Release|Any CPU.ActiveCfg = Release|Any CPU
		{71FE7610-1D5E-4CBF-8F1D-DAB5DC363BDB}.Release|Any CPU.Build.0 = Release|Any CPU
		{B6B9D7C2-CFA3-4770-82EF-5181E2EF3B69}.Debug|Any CPU.ActiveCfg = Debug|Any CPU
		{B6B9D7C2-CFA3-4770-82EF-5181E2EF3B69}.Debug|Any CPU.Build.0 = Debug|Any CPU
		{B6B9D7C2-CFA3-4770-82EF-5181E2EF3B69}.Release|Any CPU.ActiveCfg = Release|Any CPU
		{B6B9D7C2-CFA3-4770-82EF-5181E2EF3B69}.Release|Any CPU.Build.0 = Release|Any CPU
	EndGlobalSection
	GlobalSection(SolutionProperties) = preSolution
		HideSolutionNode = FALSE
	EndGlobalSection
	GlobalSection(NestedProjects) = preSolution
		{BEB3EDB9-5732-4E2E-853A-1D729AE8C0E4} = {3B4F3EC1-032F-4162-81F3-015C43135EF4}
		{D770AAB6-9330-4D77-AE3A-F551FA87BF9C} = {C157584E-0AAF-410F-AF70-8D431E630D0D}
		{A0A22B0E-8917-443C-893C-2B066C8C182B} = {A46ADD21-5040-4A1E-AD61-CE964A3FB2DD}
		{3C727947-7BCD-45AE-94C3-B89898B6B556} = {1C4FAA2F-697F-4B42-B9C4-E55A64B1DB2C}
		{F8B68661-F8D5-4E44-914A-BC86E5BDFE79} = {2D65BDA8-35F7-4D73-84B0-98F87879EC67}
		{19AA4200-6672-472F-A879-350DC082AD2A} = {1C4FAA2F-697F-4B42-B9C4-E55A64B1DB2C}
		{3B4F3EC1-032F-4162-81F3-015C43135EF4} = {BA12B9D2-52BB-4FB7-B911-5DDA0A75919B}
		{C157584E-0AAF-410F-AF70-8D431E630D0D} = {BA12B9D2-52BB-4FB7-B911-5DDA0A75919B}
		{A46ADD21-5040-4A1E-AD61-CE964A3FB2DD} = {BA12B9D2-52BB-4FB7-B911-5DDA0A75919B}
		{ED1479C0-9EAC-49A0-97F5-8FC3089F562C} = {1C4FAA2F-697F-4B42-B9C4-E55A64B1DB2C}
		{42520C88-82BD-40BA-84D0-35C158BA4F9C} = {F3583C5D-5AE1-46EE-A029-D57844E04BD1}
		{E5B4804E-B662-407E-9326-77DCFC648DB6} = {1C4FAA2F-697F-4B42-B9C4-E55A64B1DB2C}
		{1C4FAA2F-697F-4B42-B9C4-E55A64B1DB2C} = {BA12B9D2-52BB-4FB7-B911-5DDA0A75919B}
		{2D65BDA8-35F7-4D73-84B0-98F87879EC67} = {BA12B9D2-52BB-4FB7-B911-5DDA0A75919B}
		{53248726-3CCD-4F49-9621-3129908A138C} = {2D65BDA8-35F7-4D73-84B0-98F87879EC67}
		{351DB1BB-3E85-4CD9-B246-65C682408856} = {2D65BDA8-35F7-4D73-84B0-98F87879EC67}
		{8A5400D1-3920-4199-8C88-F4BAC824EE06} = {F3583C5D-5AE1-46EE-A029-D57844E04BD1}
		{C31698EA-360E-4F73-B56C-D27358148224} = {8A5400D1-3920-4199-8C88-F4BAC824EE06}
		{C3A70F3B-BF4E-46CD-B4DE-4C18F9C0F015} = {C157584E-0AAF-410F-AF70-8D431E630D0D}
		{B069FAA9-8938-4941-87CA-9527F6D9E0F3} = {C3A70F3B-BF4E-46CD-B4DE-4C18F9C0F015}
		{01E983D3-12E4-4238-A662-EE940455D195} = {3B4F3EC1-032F-4162-81F3-015C43135EF4}
		{7C0E228C-3671-4EB6-8691-2EA3646D2E87} = {C157584E-0AAF-410F-AF70-8D431E630D0D}
		{3E497C89-FB52-4362-AD7D-682B7FB4D62F} = {1C4FAA2F-697F-4B42-B9C4-E55A64B1DB2C}
		{70B9E928-2F8A-478B-9700-6D0F39A16F53} = {1C4FAA2F-697F-4B42-B9C4-E55A64B1DB2C}
		{AFD36968-CB76-4CE9-B5E5-1AF193966FD4} = {1C4FAA2F-697F-4B42-B9C4-E55A64B1DB2C}
		{71FE7610-1D5E-4CBF-8F1D-DAB5DC363BDB} = {BA12B9D2-52BB-4FB7-B911-5DDA0A75919B}
		{B6B9D7C2-CFA3-4770-82EF-5181E2EF3B69} = {1C4FAA2F-697F-4B42-B9C4-E55A64B1DB2C}
	EndGlobalSection
	GlobalSection(ExtensibilityGlobals) = postSolution
		SolutionGuid = {853898A9-1472-4293-B761-F8E8DFA48C1F}
	EndGlobalSection
EndGlobal
