
Microsoft Visual Studio Solution File, Format Version 12.00
# Visual Studio Version 17
VisualStudioVersion = 17.9.34616.47
MinimumVisualStudioVersion = 10.0.40219.1
Project("{9A19103F-16F7-4668-BE54-9A1E7A4F7556}") = "FmuApiDomain", "src\Core\FmuApiDomain\FmuApiDomain.csproj", "{BEB3EDB9-5732-4E2E-853A-1D729AE8C0E4}"
EndProject
Project("{9A19103F-16F7-4668-BE54-9A1E7A4F7556}") = "FmuApiApplication", "src\Core\FmuApiApplication\FmuApiApplication.csproj", "{D770AAB6-9330-4D77-AE3A-F551FA87BF9C}"
EndProject
Project("{FAE04EC0-301F-11D3-BF4B-00C04F79EFBC}") = "Shared", "src\Core\Shared\Shared.csproj", "{71FE7610-1D5E-4CBF-8F1D-DAB5DC363BDB}"
EndProject
Project("{9A19103F-16F7-4668-BE54-9A1E7A4F7556}") = "FrontolDb", "src\Infrastructure\FrontolDb\FrontolDb.csproj", "{19AA4200-6672-472F-A879-350DC082AD2A}"
EndProject
Project("{2150E333-8FDC-42A3-9474-1A3956D46DE8}") = "Tests", "Tests", "{F3583C5D-5AE1-46EE-A029-D57844E04BD1}"
EndProject
Project("{2150E333-8FDC-42A3-9474-1A3956D46DE8}") = "src", "src", "{BA12B9D2-52BB-4FB7-B911-5DDA0A75919B}"
EndProject
Project("{2150E333-8FDC-42A3-9474-1A3956D46DE8}") = "Core", "Core", "{EAA27DC2-BEF7-4C4C-9C01-6A41C7C734A9}"
EndProject
Project("{2150E333-8FDC-42A3-9474-1A3956D46DE8}") = "Infrastructure", "Infrastructure", "{A2FC2158-423C-4F0A-909F-C65382DC2599}"
EndProject
Project("{FAE04EC0-301F-11D3-BF4B-00C04F79EFBC}") = "CouchDb", "src\Infrastructure\CouchDb\CouchDb.csproj", "{75487FBB-502F-48F6-8B4F-9BC53F559114}"
EndProject
Project("{FAE04EC0-301F-11D3-BF4B-00C04F79EFBC}") = "TrueApi", "src\Infrastructure\TrueApiCdn\TrueApi.csproj", "{C40AB114-1184-407F-91F2-6286FB98E19C}"
EndProject
Project("{FAE04EC0-301F-11D3-BF4B-00C04F79EFBC}") = "ApplicationConfigurationService", "src\Infrastructure\ApllicationConfigurationService\ApplicationConfigurationService.csproj", "{7CCD4D7A-8FFC-467D-A6E2-BC32F4D83D79}"
EndProject
Project("{FAE04EC0-301F-11D3-BF4B-00C04F79EFBC}") = "AutoUpdateWorkerService", "src\Infrastructure\AutoUpdateWorkerService\AutoUpdateWorkerService.csproj", "{1D026D0A-FF44-4581-8278-7B367DB2C96E}"
EndProject
Project("{FAE04EC0-301F-11D3-BF4B-00C04F79EFBC}") = "CentralServerExchange", "src\Infrastructure\CentralServerExchange\CentralServerExchange.csproj", "{F2A478AD-A5F4-4021-B683-A1A0C42CB73A}"
EndProject
Project("{FAE04EC0-301F-11D3-BF4B-00C04F79EFBC}") = "LogService", "src\Infrastructure\LogService\LogService.csproj", "{5F2D8424-2751-4422-9670-750080E8C878}"
EndProject
Project("{2150E333-8FDC-42A3-9474-1A3956D46DE8}") = "Presentation", "Presentation", "{8045AD33-2DDA-4328-8F98-5306A7047D50}"
EndProject
Project("{FAE04EC0-301F-11D3-BF4B-00C04F79EFBC}") = "WebApi", "src\Presentation\WebApi\WebApi.csproj", "{00E61A8B-2194-42F5-AC22-A4FE8520E826}"
EndProject
Project("{FAE04EC0-301F-11D3-BF4B-00C04F79EFBC}") = "LocalModuleIntegration", "src\Infrastructure\LocalModuleIntegration\LocalModuleIntegration.csproj", "{98BF076F-1B7F-4AD7-8D99-8E6C7BA41950}"
EndProject
Project("{FAE04EC0-301F-11D3-BF4B-00C04F79EFBC}") = "ServicesAndDaemonsManager", "src\Infrastructure\DaemonsManager\ServicesAndDaemonsManager.csproj", "{8821429F-06FA-41EE-A426-A1DEDC35B930}"
EndProject
Global
	GlobalSection(SolutionConfigurationPlatforms) = preSolution
		Debug|Any CPU = Debug|Any CPU
		Release|Any CPU = Release|Any CPU
	EndGlobalSection
	GlobalSection(ProjectConfigurationPlatforms) = postSolution
		{BEB3EDB9-5732-4E2E-853A-1D729AE8C0E4}.Debug|Any CPU.ActiveCfg = Debug|Any CPU
		{BEB3EDB9-5732-4E2E-853A-1D729AE8C0E4}.Debug|Any CPU.Build.0 = Debug|Any CPU
		{BEB3EDB9-5732-4E2E-853A-1D729AE8C0E4}.Release|Any CPU.ActiveCfg = Release|Any CPU
		{BEB3EDB9-5732-4E2E-853A-1D729AE8C0E4}.Release|Any CPU.Build.0 = Release|Any CPU
		{D770AAB6-9330-4D77-AE3A-F551FA87BF9C}.Debug|Any CPU.ActiveCfg = Debug|Any CPU
		{D770AAB6-9330-4D77-AE3A-F551FA87BF9C}.Debug|Any CPU.Build.0 = Debug|Any CPU
		{D770AAB6-9330-4D77-AE3A-F551FA87BF9C}.Release|Any CPU.ActiveCfg = Release|Any CPU
		{D770AAB6-9330-4D77-AE3A-F551FA87BF9C}.Release|Any CPU.Build.0 = Release|Any CPU
		{71FE7610-1D5E-4CBF-8F1D-DAB5DC363BDB}.Debug|Any CPU.ActiveCfg = Debug|Any CPU
		{71FE7610-1D5E-4CBF-8F1D-DAB5DC363BDB}.Debug|Any CPU.Build.0 = Debug|Any CPU
		{71FE7610-1D5E-4CBF-8F1D-DAB5DC363BDB}.Release|Any CPU.ActiveCfg = Release|Any CPU
		{71FE7610-1D5E-4CBF-8F1D-DAB5DC363BDB}.Release|Any CPU.Build.0 = Release|Any CPU
		{19AA4200-6672-472F-A879-350DC082AD2A}.Debug|Any CPU.ActiveCfg = Debug|Any CPU
		{19AA4200-6672-472F-A879-350DC082AD2A}.Debug|Any CPU.Build.0 = Debug|Any CPU
		{19AA4200-6672-472F-A879-350DC082AD2A}.Release|Any CPU.ActiveCfg = Release|Any CPU
		{19AA4200-6672-472F-A879-350DC082AD2A}.Release|Any CPU.Build.0 = Release|Any CPU
		{75487FBB-502F-48F6-8B4F-9BC53F559114}.Debug|Any CPU.ActiveCfg = Debug|Any CPU
		{75487FBB-502F-48F6-8B4F-9BC53F559114}.Debug|Any CPU.Build.0 = Debug|Any CPU
		{75487FBB-502F-48F6-8B4F-9BC53F559114}.Release|Any CPU.ActiveCfg = Release|Any CPU
		{75487FBB-502F-48F6-8B4F-9BC53F559114}.Release|Any CPU.Build.0 = Release|Any CPU
		{C40AB114-1184-407F-91F2-6286FB98E19C}.Debug|Any CPU.ActiveCfg = Debug|Any CPU
		{C40AB114-1184-407F-91F2-6286FB98E19C}.Debug|Any CPU.Build.0 = Debug|Any CPU
		{C40AB114-1184-407F-91F2-6286FB98E19C}.Release|Any CPU.ActiveCfg = Release|Any CPU
		{C40AB114-1184-407F-91F2-6286FB98E19C}.Release|Any CPU.Build.0 = Release|Any CPU
		{7CCD4D7A-8FFC-467D-A6E2-BC32F4D83D79}.Debug|Any CPU.ActiveCfg = Debug|Any CPU
		{7CCD4D7A-8FFC-467D-A6E2-BC32F4D83D79}.Debug|Any CPU.Build.0 = Debug|Any CPU
		{7CCD4D7A-8FFC-467D-A6E2-BC32F4D83D79}.Release|Any CPU.ActiveCfg = Release|Any CPU
		{7CCD4D7A-8FFC-467D-A6E2-BC32F4D83D79}.Release|Any CPU.Build.0 = Release|Any CPU
		{1D026D0A-FF44-4581-8278-7B367DB2C96E}.Debug|Any CPU.ActiveCfg = Debug|Any CPU
		{1D026D0A-FF44-4581-8278-7B367DB2C96E}.Debug|Any CPU.Build.0 = Debug|Any CPU
		{1D026D0A-FF44-4581-8278-7B367DB2C96E}.Release|Any CPU.ActiveCfg = Release|Any CPU
		{1D026D0A-FF44-4581-8278-7B367DB2C96E}.Release|Any CPU.Build.0 = Release|Any CPU
		{F2A478AD-A5F4-4021-B683-A1A0C42CB73A}.Debug|Any CPU.ActiveCfg = Debug|Any CPU
		{F2A478AD-A5F4-4021-B683-A1A0C42CB73A}.Debug|Any CPU.Build.0 = Debug|Any CPU
		{F2A478AD-A5F4-4021-B683-A1A0C42CB73A}.Release|Any CPU.ActiveCfg = Release|Any CPU
		{F2A478AD-A5F4-4021-B683-A1A0C42CB73A}.Release|Any CPU.Build.0 = Release|Any CPU
		{5F2D8424-2751-4422-9670-750080E8C878}.Debug|Any CPU.ActiveCfg = Debug|Any CPU
		{5F2D8424-2751-4422-9670-750080E8C878}.Debug|Any CPU.Build.0 = Debug|Any CPU
		{5F2D8424-2751-4422-9670-750080E8C878}.Release|Any CPU.ActiveCfg = Release|Any CPU
		{5F2D8424-2751-4422-9670-750080E8C878}.Release|Any CPU.Build.0 = Release|Any CPU
		{00E61A8B-2194-42F5-AC22-A4FE8520E826}.Debug|Any CPU.ActiveCfg = Debug|Any CPU
		{00E61A8B-2194-42F5-AC22-A4FE8520E826}.Debug|Any CPU.Build.0 = Debug|Any CPU
		{00E61A8B-2194-42F5-AC22-A4FE8520E826}.Release|Any CPU.ActiveCfg = Release|Any CPU
		{00E61A8B-2194-42F5-AC22-A4FE8520E826}.Release|Any CPU.Build.0 = Release|Any CPU
		{98BF076F-1B7F-4AD7-8D99-8E6C7BA41950}.Debug|Any CPU.ActiveCfg = Debug|Any CPU
		{98BF076F-1B7F-4AD7-8D99-8E6C7BA41950}.Debug|Any CPU.Build.0 = Debug|Any CPU
		{98BF076F-1B7F-4AD7-8D99-8E6C7BA41950}.Release|Any CPU.ActiveCfg = Release|Any CPU
		{98BF076F-1B7F-4AD7-8D99-8E6C7BA41950}.Release|Any CPU.Build.0 = Release|Any CPU
		{8821429F-06FA-41EE-A426-A1DEDC35B930}.Debug|Any CPU.ActiveCfg = Debug|Any CPU
		{8821429F-06FA-41EE-A426-A1DEDC35B930}.Debug|Any CPU.Build.0 = Debug|Any CPU
		{8821429F-06FA-41EE-A426-A1DEDC35B930}.Release|Any CPU.ActiveCfg = Release|Any CPU
		{8821429F-06FA-41EE-A426-A1DEDC35B930}.Release|Any CPU.Build.0 = Release|Any CPU
	EndGlobalSection
	GlobalSection(SolutionProperties) = preSolution
		HideSolutionNode = FALSE
	EndGlobalSection
	GlobalSection(NestedProjects) = preSolution
		{BEB3EDB9-5732-4E2E-853A-1D729AE8C0E4} = {EAA27DC2-BEF7-4C4C-9C01-6A41C7C734A9}
		{D770AAB6-9330-4D77-AE3A-F551FA87BF9C} = {EAA27DC2-BEF7-4C4C-9C01-6A41C7C734A9}
		{71FE7610-1D5E-4CBF-8F1D-DAB5DC363BDB} = {EAA27DC2-BEF7-4C4C-9C01-6A41C7C734A9}
		{19AA4200-6672-472F-A879-350DC082AD2A} = {A2FC2158-423C-4F0A-909F-C65382DC2599}
		{EAA27DC2-BEF7-4C4C-9C01-6A41C7C734A9} = {BA12B9D2-52BB-4FB7-B911-5DDA0A75919B}
		{A2FC2158-423C-4F0A-909F-C65382DC2599} = {BA12B9D2-52BB-4FB7-B911-5DDA0A75919B}
		{75487FBB-502F-48F6-8B4F-9BC53F559114} = {A2FC2158-423C-4F0A-909F-C65382DC2599}
		{C40AB114-1184-407F-91F2-6286FB98E19C} = {A2FC2158-423C-4F0A-909F-C65382DC2599}
		{7CCD4D7A-8FFC-467D-A6E2-BC32F4D83D79} = {A2FC2158-423C-4F0A-909F-C65382DC2599}
		{1D026D0A-FF44-4581-8278-7B367DB2C96E} = {A2FC2158-423C-4F0A-909F-C65382DC2599}
		{F2A478AD-A5F4-4021-B683-A1A0C42CB73A} = {A2FC2158-423C-4F0A-909F-C65382DC2599}
		{5F2D8424-2751-4422-9670-750080E8C878} = {A2FC2158-423C-4F0A-909F-C65382DC2599}
		{8045AD33-2DDA-4328-8F98-5306A7047D50} = {BA12B9D2-52BB-4FB7-B911-5DDA0A75919B}
		{00E61A8B-2194-42F5-AC22-A4FE8520E826} = {8045AD33-2DDA-4328-8F98-5306A7047D50}
		{98BF076F-1B7F-4AD7-8D99-8E6C7BA41950} = {A2FC2158-423C-4F0A-909F-C65382DC2599}
		{8821429F-06FA-41EE-A426-A1DEDC35B930} = {A2FC2158-423C-4F0A-909F-C65382DC2599}
	EndGlobalSection
	GlobalSection(ExtensibilityGlobals) = postSolution
		SolutionGuid = {853898A9-1472-4293-B761-F8E8DFA48C1F}
	EndGlobalSection
	GlobalSection(RiderSharedRunConfigurations) = postSolution
		File = x64-win.run\x64-win.run.xml
	EndGlobalSection
EndGlobal
